
Microsoft Visual Studio Solution File, Format Version 12.00
# Visual Studio Version 17
VisualStudioVersion = 17.14.36603.0 d17.14
MinimumVisualStudioVersion = 10.0.40219.1
Project("{FAE04EC0-301F-11D3-BF4B-00C04F79EFBC}") = "ShopList.Gui", "ShopList.Gui\ShopList.Gui.csproj", "{AB341FE1-FE9A-471C-A4C1-B3547086B5CD}"
EndProject
Global
	GlobalSection(SolutionConfigurationPlatforms) = preSolution
		Debug|Any CPU = Debug|Any CPU
		Release|Any CPU = Release|Any CPU
	EndGlobalSection
	GlobalSection(ProjectConfigurationPlatforms) = postSolution
		{AB341FE1-FE9A-471C-A4C1-B3547086B5CD}.Debug|Any CPU.ActiveCfg = Debug|Any CPU
		{AB341FE1-FE9A-471C-A4C1-B3547086B5CD}.Debug|Any CPU.Build.0 = Debug|Any CPU
		{AB341FE1-FE9A-471C-A4C1-B3547086B5CD}.Release|Any CPU.ActiveCfg = Release|Any CPU
		{AB341FE1-FE9A-471C-A4C1-B3547086B5CD}.Release|Any CPU.Build.0 = Release|Any CPU
	EndGlobalSection
	GlobalSection(SolutionProperties) = preSolution
		HideSolutionNode = FALSE
	EndGlobalSection
	GlobalSection(ExtensibilityGlobals) = postSolution
		SolutionGuid = {A54CF77B-5584-4EDB-A46F-708A499AC999}
	EndGlobalSection
EndGlobal
